dependencies:
- name: chart-acquirer-backend
  repository: file://./chart-acquirer-backend
  version: 0.1.0
- name: chart-acquirer-frontend
  repository: file://./chart-acquirer-frontend
  version: 0.1.0
- name: chart-merchant-db
  repository: file://./chart-merchant-db
  version: 0.1.0
- name: chart-minio
  repository: file://./chart-minio
  version: 0.1.0
- name: chart-rabbitmq
  repository: file://./chart-rabbitmq
  version: 0.1.0
- name: chart-registry-oracle
  repository: file://./chart-registry-oracle
  version: 0.1.0
digest: sha256:d3cc30025592b7ec14aa424e4cdc78522c44a2a9d023ad080f3690e9e7951d5f
generated: "2023-12-21T14:48:52.158272519+06:30"
